// !$*UTF8*$!
{
	archiveVersion = 1;
	classes = {
	};
	objectVersion = 46;
	objects = {

/* Begin PBXBuildFile section */
		94A3426B6FBD944B6902B6EE /* Pods_ENote.framework in Frameworks */ = {isa = PBXBuildFile; fileRef = 210912EB8A81C669E7E02B8B /* Pods_ENote.framework */; };
		F631B3011DF4342600D98609 /* YBPopupMenu.m in Sources */ = {isa = PBXBuildFile; fileRef = F631B3001DF4342600D98609 /* YBPopupMenu.m */; };
		F631B3031DF4432000D98609 /* HistoryNotesViewController.swift in Sources */ = {isa = PBXBuildFile; fileRef = F631B3021DF4432000D98609 /* HistoryNotesViewController.swift */; };
		F631B3061DF4456000D98609 /* HistoryNoteCell.swift in Sources */ = {isa = PBXBuildFile; fileRef = F631B3041DF4456000D98609 /* HistoryNoteCell.swift */; };
		F631B3071DF4456000D98609 /* HistoryNoteCell.xib in Resources */ = {isa = PBXBuildFile; fileRef = F631B3051DF4456000D98609 /* HistoryNoteCell.xib */; };
		F631B3091DF481FB00D98609 /* HistoryNotesLayout.swift in Sources */ = {isa = PBXBuildFile; fileRef = F631B3081DF481FB00D98609 /* HistoryNotesLayout.swift */; };
		F688570A1DEFC5C000B100EF /* NoteInputView.swift in Sources */ = {isa = PBXBuildFile; fileRef = F68857091DEFC5C000B100EF /* NoteInputView.swift */; };
		F68857101DEFC65C00B100EF /* NoteInputView.xib in Resources */ = {isa = PBXBuildFile; fileRef = F688570F1DEFC65C00B100EF /* NoteInputView.xib */; };
		F691C1321DEC560300EAFEE8 /* Sentence.swift in Sources */ = {isa = PBXBuildFile; fileRef = F691C1311DEC560300EAFEE8 /* Sentence.swift */; };
		F6BD40241DF01187005A69E3 /* DatabaseManager.swift in Sources */ = {isa = PBXBuildFile; fileRef = F6BD40231DF01187005A69E3 /* DatabaseManager.swift */; };
		F6BD40261DF0362D005A69E3 /* Note.swift in Sources */ = {isa = PBXBuildFile; fileRef = F6BD40251DF0362D005A69E3 /* Note.swift */; };
		F6BD40281DF03644005A69E3 /* NotesManager.swift in Sources */ = {isa = PBXBuildFile; fileRef = F6BD40271DF03644005A69E3 /* NotesManager.swift */; };
		F6BF7C411DF18FA2005082FE /* StatisticsViewController.swift in Sources */ = {isa = PBXBuildFile; fileRef = F6BF7C401DF18FA2005082FE /* StatisticsViewController.swift */; };
		F6BF7C441DF19C80005082FE /* Helper.swift in Sources */ = {isa = PBXBuildFile; fileRef = F6BF7C431DF19C80005082FE /* Helper.swift */; };
		F6BF7C461DF1A9BB005082FE /* NotesStatistics.swift in Sources */ = {isa = PBXBuildFile; fileRef = F6BF7C451DF1A9BB005082FE /* NotesStatistics.swift */; };
		F6C0A3971DEC4A7B0087B2BA /* AppDelegate.swift in Sources */ = {isa = PBXBuildFile; fileRef = F6C0A3961DEC4A7B0087B2BA /* AppDelegate.swift */; };
		F6C0A3991DEC4A7B0087B2BA /* NotesViewController.swift in Sources */ = {isa = PBXBuildFile; fileRef = F6C0A3981DEC4A7B0087B2BA /* NotesViewController.swift */; };
		F6C0A39C1DEC4A7B0087B2BA /* Main.storyboard in Resources */ = {isa = PBXBuildFile; fileRef = F6C0A39A1DEC4A7B0087B2BA /* Main.storyboard */; };
		F6C0A39E1DEC4A7B0087B2BA /* Assets.xcassets in Resources */ = {isa = PBXBuildFile; fileRef = F6C0A39D1DEC4A7B0087B2BA /* Assets.xcassets */; };
		F6C0A3A11DEC4A7B0087B2BA /* LaunchScreen.storyboard in Resources */ = {isa = PBXBuildFile; fileRef = F6C0A39F1DEC4A7B0087B2BA /* LaunchScreen.storyboard */; };
		F6F049501DF523A400EABEF0 /* NotesHeaderView.swift in Sources */ = {isa = PBXBuildFile; fileRef = F6F0494E1DF523A400EABEF0 /* NotesHeaderView.swift */; };
		F6F049511DF523A400EABEF0 /* NotesHeaderView.xib in Resources */ = {isa = PBXBuildFile; fileRef = F6F0494F1DF523A400EABEF0 /* NotesHeaderView.xib */; };
		F6FFDDCB1DF11FD200E5B733 /* NoteCell.swift in Sources */ = {isa = PBXBuildFile; fileRef = F6FFDDC91DF11FD200E5B733 /* NoteCell.swift */; };
		F6FFDDCC1DF11FD200E5B733 /* NoteCell.xib in Resources */ = {isa = PBXBuildFile; fileRef = F6FFDDCA1DF11FD200E5B733 /* NoteCell.xib */; };
/* End PBXBuildFile section */

/* Begin PBXFileReference section */
		210912EB8A81C669E7E02B8B /* Pods_ENote.framework */ = {isa = PBXFileReference; explicitFileType = wrapper.framework; includeInIndex = 0; path = Pods_ENote.framework; sourceTree = BUILT_PRODUCTS_DIR; };
		8FDA4C6D70CCBB8780D5EAAA /* Pods-ENote.release.xcconfig */ = {isa = PBXFileReference; includeInIndex = 1; lastKnownFileType = text.xcconfig; name = "Pods-ENote.release.xcconfig"; path = "Pods/Target Support Files/Pods-ENote/Pods-ENote.release.xcconfig"; sourceTree = "<group>"; };
		C7C5C9D2289C955706E4968A /* Pods-ENote.debug.xcconfig */ = {isa = PBXFileReference; includeInIndex = 1; lastKnownFileType = text.xcconfig; name = "Pods-ENote.debug.xcconfig"; path = "Pods/Target Support Files/Pods-ENote/Pods-ENote.debug.xcconfig"; sourceTree = "<group>"; };
		F631B2FE1DF4342600D98609 /* ENote-Bridging-Header.h */ = {isa = PBXFileReference; lastKnownFileType = sourcecode.c.h; path = "ENote-Bridging-Header.h"; sourceTree = "<group>"; };
		F631B2FF1DF4342600D98609 /* YBPopupMenu.h */ = {isa = PBXFileReference; fileEncoding = 4; lastKnownFileType = sourcecode.c.h; path = YBPopupMenu.h; sourceTree = "<group>"; };
		F631B3001DF4342600D98609 /* YBPopupMenu.m */ = {isa = PBXFileReference; fileEncoding = 4; lastKnownFileType = sourcecode.c.objc; path = YBPopupMenu.m; sourceTree = "<group>"; };
		F631B3021DF4432000D98609 /* HistoryNotesViewController.swift */ = {isa = PBXFileReference; fileEncoding = 4; lastKnownFileType = sourcecode.swift; path = HistoryNotesViewController.swift; sourceTree = "<group>"; };
		F631B3041DF4456000D98609 /* HistoryNoteCell.swift */ = {isa = PBXFileReference; fileEncoding = 4; lastKnownFileType = sourcecode.swift; path = HistoryNoteCell.swift; sourceTree = "<group>"; };
		F631B3051DF4456000D98609 /* HistoryNoteCell.xib */ = {isa = PBXFileReference; fileEncoding = 4; lastKnownFileType = file.xib; path = HistoryNoteCell.xib; sourceTree = "<group>"; };
		F631B3081DF481FB00D98609 /* HistoryNotesLayout.swift */ = {isa = PBXFileReference; fileEncoding = 4; lastKnownFileType = sourcecode.swift; path = HistoryNotesLayout.swift; sourceTree = "<group>"; };
		F68857091DEFC5C000B100EF /* NoteInputView.swift */ = {isa = PBXFileReference; fileEncoding = 4; lastKnownFileType = sourcecode.swift; path = NoteInputView.swift; sourceTree = "<group>"; };
		F688570F1DEFC65C00B100EF /* NoteInputView.xib */ = {isa = PBXFileReference; fileEncoding = 4; lastKnownFileType = file.xib; path = NoteInputView.xib; sourceTree = "<group>"; };
		F691C1311DEC560300EAFEE8 /* Sentence.swift */ = {isa = PBXFileReference; fileEncoding = 4; lastKnownFileType = sourcecode.swift; path = Sentence.swift; sourceTree = "<group>"; };
		F6BD40231DF01187005A69E3 /* DatabaseManager.swift */ = {isa = PBXFileReference; fileEncoding = 4; lastKnownFileType = sourcecode.swift; path = DatabaseManager.swift; sourceTree = "<group>"; };
		F6BD40251DF0362D005A69E3 /* Note.swift */ = {isa = PBXFileReference; fileEncoding = 4; lastKnownFileType = sourcecode.swift; path = Note.swift; sourceTree = "<group>"; };
		F6BD40271DF03644005A69E3 /* NotesManager.swift */ = {isa = PBXFileReference; fileEncoding = 4; lastKnownFileType = sourcecode.swift; path = NotesManager.swift; sourceTree = "<group>"; };
		F6BF7C401DF18FA2005082FE /* StatisticsViewController.swift */ = {isa = PBXFileReference; fileEncoding = 4; lastKnownFileType = sourcecode.swift; path = StatisticsViewController.swift; sourceTree = "<group>"; };
		F6BF7C431DF19C80005082FE /* Helper.swift */ = {isa = PBXFileReference; fileEncoding = 4; lastKnownFileType = sourcecode.swift; path = Helper.swift; sourceTree = "<group>"; };
		F6BF7C451DF1A9BB005082FE /* NotesStatistics.swift */ = {isa = PBXFileReference; fileEncoding = 4; lastKnownFileType = sourcecode.swift; path = NotesStatistics.swift; sourceTree = "<group>"; };
		F6C0A3931DEC4A7B0087B2BA /* ENote.app */ = {isa = PBXFileReference; explicitFileType = wrapper.application; includeInIndex = 0; path = ENote.app; sourceTree = BUILT_PRODUCTS_DIR; };
		F6C0A3961DEC4A7B0087B2BA /* AppDelegate.swift */ = {isa = PBXFileReference; lastKnownFileType = sourcecode.swift; path = AppDelegate.swift; sourceTree = "<group>"; };
		F6C0A3981DEC4A7B0087B2BA /* NotesViewController.swift */ = {isa = PBXFileReference; lastKnownFileType = sourcecode.swift; path = NotesViewController.swift; sourceTree = "<group>"; };
		F6C0A39B1DEC4A7B0087B2BA /* Base */ = {isa = PBXFileReference; lastKnownFileType = file.storyboard; name = Base; path = Base.lproj/Main.storyboard; sourceTree = "<group>"; };
		F6C0A39D1DEC4A7B0087B2BA /* Assets.xcassets */ = {isa = PBXFileReference; lastKnownFileType = folder.assetcatalog; path = Assets.xcassets; sourceTree = "<group>"; };
		F6C0A3A01DEC4A7B0087B2BA /* Base */ = {isa = PBXFileReference; lastKnownFileType = file.storyboard; name = Base; path = Base.lproj/LaunchScreen.storyboard; sourceTree = "<group>"; };
		F6C0A3A21DEC4A7B0087B2BA /* Info.plist */ = {isa = PBXFileReference; lastKnownFileType = text.plist.xml; path = Info.plist; sourceTree = "<group>"; };
		F6F0494E1DF523A400EABEF0 /* NotesHeaderView.swift */ = {isa = PBXFileReference; fileEncoding = 4; lastKnownFileType = sourcecode.swift; path = NotesHeaderView.swift; sourceTree = "<group>"; };
		F6F0494F1DF523A400EABEF0 /* NotesHeaderView.xib */ = {isa = PBXFileReference; fileEncoding = 4; lastKnownFileType = file.xib; path = NotesHeaderView.xib; sourceTree = "<group>"; };
		F6FFDDC91DF11FD200E5B733 /* NoteCell.swift */ = {isa = PBXFileReference; fileEncoding = 4; lastKnownFileType = sourcecode.swift; path = NoteCell.swift; sourceTree = "<group>"; };
		F6FFDDCA1DF11FD200E5B733 /* NoteCell.xib */ = {isa = PBXFileReference; fileEncoding = 4; lastKnownFileType = file.xib; path = NoteCell.xib; sourceTree = "<group>"; };
/* End PBXFileReference section */

/* Begin PBXFrameworksBuildPhase section */
		F6C0A3901DEC4A7B0087B2BA /* Frameworks */ = {
			isa = PBXFrameworksBuildPhase;
			buildActionMask = 2147483647;
			files = (
				94A3426B6FBD944B6902B6EE /* Pods_ENote.framework in Frameworks */,
			);
			runOnlyForDeploymentPostprocessing = 0;
		};
/* End PBXFrameworksBuildPhase section */

/* Begin PBXGroup section */
		196077923AF6D8DF1061D4B2 /* Frameworks */ = {
			isa = PBXGroup;
			children = (
				210912EB8A81C669E7E02B8B /* Pods_ENote.framework */,
			);
			name = Frameworks;
			sourceTree = "<group>";
		};
		A4F899CDB95BBBCAE9A3E3E0 /* Pods */ = {
			isa = PBXGroup;
			children = (
				C7C5C9D2289C955706E4968A /* Pods-ENote.debug.xcconfig */,
				8FDA4C6D70CCBB8780D5EAAA /* Pods-ENote.release.xcconfig */,
			);
			name = Pods;
			sourceTree = "<group>";
		};
		F631B2FD1DF4340100D98609 /* YBPopupMenu */ = {
			isa = PBXGroup;
			children = (
				F631B2FF1DF4342600D98609 /* YBPopupMenu.h */,
				F631B3001DF4342600D98609 /* YBPopupMenu.m */,
			);
			name = YBPopupMenu;
			sourceTree = "<group>";
		};
		F68857081DEFC57B00B100EF /* Views */ = {
			isa = PBXGroup;
			children = (
				F631B2FD1DF4340100D98609 /* YBPopupMenu */,
				F68857091DEFC5C000B100EF /* NoteInputView.swift */,
				F6FFDDC91DF11FD200E5B733 /* NoteCell.swift */,
				F631B3041DF4456000D98609 /* HistoryNoteCell.swift */,
				F631B3081DF481FB00D98609 /* HistoryNotesLayout.swift */,
				F6F0494E1DF523A400EABEF0 /* NotesHeaderView.swift */,
			);
			name = Views;
			sourceTree = "<group>";
		};
		F688570B1DEFC5C700B100EF /* Storyboard & Xib */ = {
			isa = PBXGroup;
			children = (
				F6C0A39A1DEC4A7B0087B2BA /* Main.storyboard */,
				F6C0A39F1DEC4A7B0087B2BA /* LaunchScreen.storyboard */,
				F688570F1DEFC65C00B100EF /* NoteInputView.xib */,
				F6FFDDCA1DF11FD200E5B733 /* NoteCell.xib */,
				F631B3051DF4456000D98609 /* HistoryNoteCell.xib */,
				F6F0494F1DF523A400EABEF0 /* NotesHeaderView.xib */,
			);
			name = "Storyboard & Xib";
			sourceTree = "<group>";
		};
		F688570C1DEFC5E700B100EF /* Models */ = {
			isa = PBXGroup;
			children = (
				F691C1311DEC560300EAFEE8 /* Sentence.swift */,
				F6BD40231DF01187005A69E3 /* DatabaseManager.swift */,
				F6BD40251DF0362D005A69E3 /* Note.swift */,
				F6BD40271DF03644005A69E3 /* NotesManager.swift */,
				F6BF7C451DF1A9BB005082FE /* NotesStatistics.swift */,
			);
			name = Models;
			sourceTree = "<group>";
		};
		F688570D1DEFC5F500B100EF /* Others */ = {
			isa = PBXGroup;
			children = (
				F6C0A39D1DEC4A7B0087B2BA /* Assets.xcassets */,
				F6C0A3A21DEC4A7B0087B2BA /* Info.plist */,
				F6C0A3961DEC4A7B0087B2BA /* AppDelegate.swift */,
				F631B2FE1DF4342600D98609 /* ENote-Bridging-Header.h */,
			);
			name = Others;
			sourceTree = "<group>";
		};
		F688570E1DEFC61B00B100EF /* Controllers */ = {
			isa = PBXGroup;
			children = (
				F6C0A3981DEC4A7B0087B2BA /* NotesViewController.swift */,
				F6BF7C401DF18FA2005082FE /* StatisticsViewController.swift */,
				F631B3021DF4432000D98609 /* HistoryNotesViewController.swift */,
			);
			name = Controllers;
			sourceTree = "<group>";
		};
		F6BF7C421DF19C4B005082FE /* Helpers */ = {
			isa = PBXGroup;
			children = (
				F6BF7C431DF19C80005082FE /* Helper.swift */,
			);
			name = Helpers;
			sourceTree = "<group>";
		};
		F6C0A38A1DEC4A7B0087B2BA = {
			isa = PBXGroup;
			children = (
				F6C0A3951DEC4A7B0087B2BA /* ENote */,
				F6C0A3941DEC4A7B0087B2BA /* Products */,
				A4F899CDB95BBBCAE9A3E3E0 /* Pods */,
				196077923AF6D8DF1061D4B2 /* Frameworks */,
			);
			sourceTree = "<group>";
		};
		F6C0A3941DEC4A7B0087B2BA /* Products */ = {
			isa = PBXGroup;
			children = (
				F6C0A3931DEC4A7B0087B2BA /* ENote.app */,
			);
			name = Products;
			sourceTree = "<group>";
		};
		F6C0A3951DEC4A7B0087B2BA /* ENote */ = {
			isa = PBXGroup;
			children = (
				F6BF7C421DF19C4B005082FE /* Helpers */,
				F688570C1DEFC5E700B100EF /* Models */,
				F68857081DEFC57B00B100EF /* Views */,
				F688570E1DEFC61B00B100EF /* Controllers */,
				F688570B1DEFC5C700B100EF /* Storyboard & Xib */,
				F688570D1DEFC5F500B100EF /* Others */,
			);
			path = ENote;
			sourceTree = "<group>";
		};
/* End PBXGroup section */

/* Begin PBXNativeTarget section */
		F6C0A3921DEC4A7B0087B2BA /* ENote */ = {
			isa = PBXNativeTarget;
			buildConfigurationList = F6C0A3A51DEC4A7B0087B2BA /* Build configuration list for PBXNativeTarget "ENote" */;
			buildPhases = (
				76A09DEAFFCA6CB3D1E97224 /* [CP] Check Pods Manifest.lock */,
				F6C0A38F1DEC4A7B0087B2BA /* Sources */,
				F6C0A3901DEC4A7B0087B2BA /* Frameworks */,
				F6C0A3911DEC4A7B0087B2BA /* Resources */,
				A053EFB3F63FB62B4BA3B73F /* [CP] Embed Pods Frameworks */,
				90CAF7125FE551C1133385C7 /* [CP] Copy Pods Resources */,
			);
			buildRules = (
			);
			dependencies = (
			);
			name = ENote;
			productName = ENote;
			productReference = F6C0A3931DEC4A7B0087B2BA /* ENote.app */;
			productType = "com.apple.product-type.application";
		};
/* End PBXNativeTarget section */

/* Begin PBXProject section */
		F6C0A38B1DEC4A7B0087B2BA /* Project object */ = {
			isa = PBXProject;
			attributes = {
				LastSwiftUpdateCheck = 0810;
				LastUpgradeCheck = 0810;
				ORGANIZATIONNAME = EgeTart;
				TargetAttributes = {
					F6C0A3921DEC4A7B0087B2BA = {
						CreatedOnToolsVersion = 8.1;
						DevelopmentTeam = L225J6UWE9;
						LastSwiftMigration = 0810;
						ProvisioningStyle = Automatic;
					};
				};
			};
			buildConfigurationList = F6C0A38E1DEC4A7B0087B2BA /* Build configuration list for PBXProject "ENote" */;
			compatibilityVersion = "Xcode 3.2";
			developmentRegion = English;
			hasScannedForEncodings = 0;
			knownRegions = (
				en,
				Base,
			);
			mainGroup = F6C0A38A1DEC4A7B0087B2BA;
			productRefGroup = F6C0A3941DEC4A7B0087B2BA /* Products */;
			projectDirPath = "";
			projectRoot = "";
			targets = (
				F6C0A3921DEC4A7B0087B2BA /* ENote */,
			);
		};
/* End PBXProject section */

/* Begin PBXResourcesBuildPhase section */
		F6C0A3911DEC4A7B0087B2BA /* Resources */ = {
			isa = PBXResourcesBuildPhase;
			buildActionMask = 2147483647;
			files = (
				F631B3071DF4456000D98609 /* HistoryNoteCell.xib in Resources */,
				F6F049511DF523A400EABEF0 /* NotesHeaderView.xib in Resources */,
				F6FFDDCC1DF11FD200E5B733 /* NoteCell.xib in Resources */,
				F6C0A3A11DEC4A7B0087B2BA /* LaunchScreen.storyboard in Resources */,
				F6C0A39E1DEC4A7B0087B2BA /* Assets.xcassets in Resources */,
				F6C0A39C1DEC4A7B0087B2BA /* Main.storyboard in Resources */,
				F68857101DEFC65C00B100EF /* NoteInputView.xib in Resources */,
			);
			runOnlyForDeploymentPostprocessing = 0;
		};
/* End PBXResourcesBuildPhase section */

/* Begin PBXShellScriptBuildPhase section */
		76A09DEAFFCA6CB3D1E97224 /* [CP] Check Pods Manifest.lock */ = {
			isa = PBXShellScriptBuildPhase;
			buildActionMask = 2147483647;
			files = (
			);
			inputPaths = (
			);
			name = "[CP] Check Pods Manifest.lock";
			outputPaths = (
			);
			runOnlyForDeploymentPostprocessing = 0;
			shellPath = /bin/sh;
			shellScript = "diff \"${PODS_ROOT}/../Podfile.lock\" \"${PODS_ROOT}/Manifest.lock\" > /dev/null\nif [[ $? != 0 ]] ; then\n    cat << EOM\nerror: The sandbox is not in sync with the Podfile.lock. Run 'pod install' or update your CocoaPods installation.\nEOM\n    exit 1\nfi\n";
			showEnvVarsInLog = 0;
		};
		90CAF7125FE551C1133385C7 /* [CP] Copy Pods Resources */ = {
			isa = PBXShellScriptBuildPhase;
			buildActionMask = 2147483647;
			files = (
			);
			inputPaths = (
			);
			name = "[CP] Copy Pods Resources";
			outputPaths = (
			);
			runOnlyForDeploymentPostprocessing = 0;
			shellPath = /bin/sh;
			shellScript = "\"${SRCROOT}/Pods/Target Support Files/Pods-ENote/Pods-ENote-resources.sh\"\n";
			showEnvVarsInLog = 0;
		};
		A053EFB3F63FB62B4BA3B73F /* [CP] Embed Pods Frameworks */ = {
			isa = PBXShellScriptBuildPhase;
			buildActionMask = 2147483647;
			files = (
			);
			inputPaths = (
			);
			name = "[CP] Embed Pods Frameworks";
			outputPaths = (
			);
			runOnlyForDeploymentPostprocessing = 0;
			shellPath = /bin/sh;
			shellScript = "\"${SRCROOT}/Pods/Target Support Files/Pods-ENote/Pods-ENote-frameworks.sh\"\n";
			showEnvVarsInLog = 0;
		};
/* End PBXShellScriptBuildPhase section */

/* Begin PBXSourcesBuildPhase section */
		F6C0A38F1DEC4A7B0087B2BA /* Sources */ = {
			isa = PBXSourcesBuildPhase;
			buildActionMask = 2147483647;
			files = (
				F631B3011DF4342600D98609 /* YBPopupMenu.m in Sources */,
				F6C0A3991DEC4A7B0087B2BA /* NotesViewController.swift in Sources */,
				F631B3031DF4432000D98609 /* HistoryNotesViewController.swift in Sources */,
				F691C1321DEC560300EAFEE8 /* Sentence.swift in Sources */,
				F6BD40241DF01187005A69E3 /* DatabaseManager.swift in Sources */,
				F6BD40281DF03644005A69E3 /* NotesManager.swift in Sources */,
				F6BF7C461DF1A9BB005082FE /* NotesStatistics.swift in Sources */,
				F6C0A3971DEC4A7B0087B2BA /* AppDelegate.swift in Sources */,
				F688570A1DEFC5C000B100EF /* NoteInputView.swift in Sources */,
				F6BF7C411DF18FA2005082FE /* StatisticsViewController.swift in Sources */,
				F6BF7C441DF19C80005082FE /* Helper.swift in Sources */,
				F6BD40261DF0362D005A69E3 /* Note.swift in Sources */,
				F631B3061DF4456000D98609 /* HistoryNoteCell.swift in Sources */,
				F6F049501DF523A400EABEF0 /* NotesHeaderView.swift in Sources */,
				F6FFDDCB1DF11FD200E5B733 /* NoteCell.swift in Sources */,
				F631B3091DF481FB00D98609 /* HistoryNotesLayout.swift in Sources */,
			);
			runOnlyForDeploymentPostprocessing = 0;
		};
/* End PBXSourcesBuildPhase section */

/* Begin PBXVariantGroup section */
		F6C0A39A1DEC4A7B0087B2BA /* Main.storyboard */ = {
			isa = PBXVariantGroup;
			children = (
				F6C0A39B1DEC4A7B0087B2BA /* Base */,
			);
			name = Main.storyboard;
			sourceTree = "<group>";
		};
		F6C0A39F1DEC4A7B0087B2BA /* LaunchScreen.storyboard */ = {
			isa = PBXVariantGroup;
			children = (
				F6C0A3A01DEC4A7B0087B2BA /* Base */,
			);
			name = LaunchScreen.storyboard;
			sourceTree = "<group>";
		};
/* End PBXVariantGroup section */

/* Begin XCBuildConfiguration section */
		F6C0A3A31DEC4A7B0087B2BA /* Debug */ = {
			isa = XCBuildConfiguration;
			buildSettings = {
				ALWAYS_SEARCH_USER_PATHS = NO;
				CLANG_ANALYZER_NONNULL = YES;
				CLANG_CXX_LANGUAGE_STANDARD = "gnu++0x";
				CLANG_CXX_LIBRARY = "libc++";
				CLANG_ENABLE_MODULES = YES;
				CLANG_ENABLE_OBJC_ARC = YES;
				CLANG_WARN_BOOL_CONVERSION = YES;
				CLANG_WARN_CONSTANT_CONVERSION = YES;
				CLANG_WARN_DIRECT_OBJC_ISA_USAGE = YES_ERROR;
				CLANG_WARN_DOCUMENTATION_COMMENTS = YES;
				CLANG_WARN_EMPTY_BODY = YES;
				CLANG_WARN_ENUM_CONVERSION = YES;
				CLANG_WARN_INFINITE_RECURSION = YES;
				CLANG_WARN_INT_CONVERSION = YES;
				CLANG_WARN_OBJC_ROOT_CLASS = YES_ERROR;
				CLANG_WARN_SUSPICIOUS_MOVE = YES;
				CLANG_WARN_SUSPICIOUS_MOVES = YES;
				CLANG_WARN_UNREACHABLE_CODE = YES;
				CLANG_WARN__DUPLICATE_METHOD_MATCH = YES;
				"CODE_SIGN_IDENTITY[sdk=iphoneos*]" = "iPhone Developer";
				COPY_PHASE_STRIP = NO;
				DEBUG_INFORMATION_FORMAT = dwarf;
				ENABLE_STRICT_OBJC_MSGSEND = YES;
				ENABLE_TESTABILITY = YES;
				GCC_C_LANGUAGE_STANDARD = gnu99;
				GCC_DYNAMIC_NO_PIC = NO;
				GCC_NO_COMMON_BLOCKS = YES;
				GCC_OPTIMIZATION_LEVEL = 0;
				GCC_PREPROCESSOR_DEFINITIONS = (
					"DEBUG=1",
					"$(inherited)",
				);
				GCC_WARN_64_TO_32_BIT_CONVERSION = YES;
				GCC_WARN_ABOUT_RETURN_TYPE = YES_ERROR;
				GCC_WARN_UNDECLARED_SELECTOR = YES;
				GCC_WARN_UNINITIALIZED_AUTOS = YES_AGGRESSIVE;
				GCC_WARN_UNUSED_FUNCTION = YES;
				GCC_WARN_UNUSED_VARIABLE = YES;
				IPHONEOS_DEPLOYMENT_TARGET = 10.1;
				MTL_ENABLE_DEBUG_INFO = YES;
				ONLY_ACTIVE_ARCH = YES;
				SDKROOT = iphoneos;
				SWIFT_ACTIVE_COMPILATION_CONDITIONS = DEBUG;
				SWIFT_OPTIMIZATION_LEVEL = "-Onone";
				TARGETED_DEVICE_FAMILY = "1,2";
			};
			name = Debug;
		};
		F6C0A3A41DEC4A7B0087B2BA /* Release */ = {
			isa = XCBuildConfiguration;
			buildSettings = {
				ALWAYS_SEARCH_USER_PATHS = NO;
				CLANG_ANALYZER_NONNULL = YES;
				CLANG_CXX_LANGUAGE_STANDARD = "gnu++0x";
				CLANG_CXX_LIBRARY = "libc++";
				CLANG_ENABLE_MODULES = YES;
				CLANG_ENABLE_OBJC_ARC = YES;
				CLANG_WARN_BOOL_CONVERSION = YES;
				CLANG_WARN_CONSTANT_CONVERSION = YES;
				CLANG_WARN_DIRECT_OBJC_ISA_USAGE = YES_ERROR;
				CLANG_WARN_DOCUMENTATION_COMMENTS = YES;
				CLANG_WARN_EMPTY_BODY = YES;
				CLANG_WARN_ENUM_CONVERSION = YES;
				CLANG_WARN_INFINITE_RECURSION = YES;
				CLANG_WARN_INT_CONVERSION = YES;
				CLANG_WARN_OBJC_ROOT_CLASS = YES_ERROR;
				CLANG_WARN_SUSPICIOUS_MOVE = YES;
				CLANG_WARN_SUSPICIOUS_MOVES = YES;
				CLANG_WARN_UNREACHABLE_CODE = YES;
				CLANG_WARN__DUPLICATE_METHOD_MATCH = YES;
				"CODE_SIGN_IDENTITY[sdk=iphoneos*]" = "iPhone Developer";
				COPY_PHASE_STRIP = NO;
				DEBUG_INFORMATION_FORMAT = "dwarf-with-dsym";
				ENABLE_NS_ASSERTIONS = NO;
				ENABLE_STRICT_OBJC_MSGSEND = YES;
				GCC_C_LANGUAGE_STANDARD = gnu99;
				GCC_NO_COMMON_BLOCKS = YES;
				GCC_WARN_64_TO_32_BIT_CONVERSION = YES;
				GCC_WARN_ABOUT_RETURN_TYPE = YES_ERROR;
				GCC_WARN_UNDECLARED_SELECTOR = YES;
				GCC_WARN_UNINITIALIZED_AUTOS = YES_AGGRESSIVE;
				GCC_WARN_UNUSED_FUNCTION = YES;
				GCC_WARN_UNUSED_VARIABLE = YES;
				IPHONEOS_DEPLOYMENT_TARGET = 10.1;
				MTL_ENABLE_DEBUG_INFO = NO;
				SDKROOT = iphoneos;
				SWIFT_OPTIMIZATION_LEVEL = "-Owholemodule";
				TARGETED_DEVICE_FAMILY = "1,2";
				VALIDATE_PRODUCT = YES;
			};
			name = Release;
		};
		F6C0A3A61DEC4A7B0087B2BA /* Debug */ = {
			isa = XCBuildConfiguration;
			baseConfigurationReference = C7C5C9D2289C955706E4968A /* Pods-ENote.debug.xcconfig */;
			buildSettings = {
				ALWAYS_EMBED_SWIFT_STANDARD_LIBRARIES = YES;
				ASSETCATALOG_COMPILER_APPICON_NAME = AppIcon;
				CLANG_ENABLE_MODULES = YES;
				DEVELOPMENT_TEAM = L225J6UWE9;
				INFOPLIST_FILE = ENote/Info.plist;
				LD_RUNPATH_SEARCH_PATHS = "$(inherited) @executable_path/Frameworks";
				PRODUCT_BUNDLE_IDENTIFIER = com.egetart.ENote;
				PRODUCT_NAME = "$(TARGET_NAME)";
				SWIFT_OBJC_BRIDGING_HEADER = "ENote/ENote-Bridging-Header.h";
				SWIFT_OPTIMIZATION_LEVEL = "-Onone";
				SWIFT_VERSION = 3.0;
			};
			name = Debug;
		};
		F6C0A3A71DEC4A7B0087B2BA /* Release */ = {
			isa = XCBuildConfiguration;
			baseConfigurationReference = 8FDA4C6D70CCBB8780D5EAAA /* Pods-ENote.release.xcconfig */;
			buildSettings = {
				ALWAYS_EMBED_SWIFT_STANDARD_LIBRARIES = YES;
				ASSETCATALOG_COMPILER_APPICON_NAME = AppIcon;
				CLANG_ENABLE_MODULES = YES;
				DEVELOPMENT_TEAM = L225J6UWE9;
				INFOPLIST_FILE = ENote/Info.plist;
				LD_RUNPATH_SEARCH_PATHS = "$(inherited) @executable_path/Frameworks";
				PRODUCT_BUNDLE_IDENTIFIER = com.egetart.ENote;
				PRODUCT_NAME = "$(TARGET_NAME)";
				SWIFT_OBJC_BRIDGING_HEADER = "ENote/ENote-Bridging-Header.h";
				SWIFT_VERSION = 3.0;
			};
			name = Release;
		};
/* End XCBuildConfiguration section */

/* Begin XCConfigurationList section */
		F6C0A38E1DEC4A7B0087B2BA /* Build configuration list for PBXProject "ENote" */ = {
			isa = XCConfigurationList;
			buildConfigurations = (
				F6C0A3A31DEC4A7B0087B2BA /* Debug */,
				F6C0A3A41DEC4A7B0087B2BA /* Release */,
			);
			defaultConfigurationIsVisible = 0;
			defaultConfigurationName = Release;
		};
		F6C0A3A51DEC4A7B0087B2BA /* Build configuration list for PBXNativeTarget "ENote" */ = {
			isa = XCConfigurationList;
			buildConfigurations = (
				F6C0A3A61DEC4A7B0087B2BA /* Debug */,
				F6C0A3A71DEC4A7B0087B2BA /* Release */,
			);
			defaultConfigurationIsVisible = 0;
			defaultConfigurationName = Release;
		};
/* End XCConfigurationList section */
	};
	rootObject = F6C0A38B1DEC4A7B0087B2BA /* Project object */;
}
